// !$*UTF8*$!
{
	archiveVersion = 1;
	classes = {
	};
	objectVersion = 46;
	objects = {

/* Begin PBXBuildFile section */
		2F633E5C1ED49F1E000C768A /* main.m in Sources */ = {isa = PBXBuildFile; fileRef = 2F633E5B1ED49F1E000C768A /* main.m */; };
		2F633E5F1ED49F1E000C768A /* AppDelegate.m in Sources */ = {isa = PBXBuildFile; fileRef = 2F633E5E1ED49F1E000C768A /* AppDelegate.m */; };
		2F633E651ED49F1E000C768A /* Main.storyboard in Resources */ = {isa = PBXBuildFile; fileRef = 2F633E631ED49F1E000C768A /* Main.storyboard */; };
		2F633E671ED49F1E000C768A /* Assets.xcassets in Resources */ = {isa = PBXBuildFile; fileRef = 2F633E661ED49F1E000C768A /* Assets.xcassets */; };
		2F633E6A1ED49F1E000C768A /* LaunchScreen.storyboard in Resources */ = {isa = PBXBuildFile; fileRef = 2F633E681ED49F1E000C768A /* LaunchScreen.storyboard */; };
		2F633E751ED49F1E000C768A /* PersonalCapitalRssFeedTests.m in Sources */ = {isa = PBXBuildFile; fileRef = 2F633E741ED49F1E000C768A /* PersonalCapitalRssFeedTests.m */; };
		2F633E801ED49F1E000C768A /* PersonalCapitalRssFeedUITests.m in Sources */ = {isa = PBXBuildFile; fileRef = 2F633E7F1ED49F1E000C768A /* PersonalCapitalRssFeedUITests.m */; };
		6F8916261EDCC69600D71B24 /* RSSFeedArticleItem.m in Sources */ = {isa = PBXBuildFile; fileRef = 6F8916251EDCC69600D71B24 /* RSSFeedArticleItem.m */; };
		6F8916301EDCC6C500D71B24 /* RSSCustomCollectionViewCell.m in Sources */ = {isa = PBXBuildFile; fileRef = 6F89162A1EDCC6C500D71B24 /* RSSCustomCollectionViewCell.m */; };
		6F8916311EDCC6C500D71B24 /* SpinnerView.m in Sources */ = {isa = PBXBuildFile; fileRef = 6F89162B1EDCC6C500D71B24 /* SpinnerView.m */; };
		6F8916321EDCC6C500D71B24 /* CustomLabel.m in Sources */ = {isa = PBXBuildFile; fileRef = 6F89162D1EDCC6C500D71B24 /* CustomLabel.m */; };
		6F8916371EDCC6D400D71B24 /* DetailViewController.m in Sources */ = {isa = PBXBuildFile; fileRef = 6F8916341EDCC6D400D71B24 /* DetailViewController.m */; };
		6F8916381EDCC6D400D71B24 /* ViewController.m in Sources */ = {isa = PBXBuildFile; fileRef = 6F8916351EDCC6D400D71B24 /* ViewController.m */; };
		6F89163D1EDCC6DC00D71B24 /* RSSFeedParser.m in Sources */ = {isa = PBXBuildFile; fileRef = 6F89163A1EDCC6DC00D71B24 /* RSSFeedParser.m */; };
		6F89163E1EDCC6DC00D71B24 /* AsyncImageCellCache.m in Sources */ = {isa = PBXBuildFile; fileRef = 6F89163B1EDCC6DC00D71B24 /* AsyncImageCellCache.m */; };
/* End PBXBuildFile section */

/* Begin PBXContainerItemProxy section */
		2F633E711ED49F1E000C768A /* PBXContainerItemProxy */ = {
			isa = PBXContainerItemProxy;
			containerPortal = 2F633E4F1ED49F1D000C768A /* Project object */;
			proxyType = 1;
			remoteGlobalIDString = 2F633E561ED49F1D000C768A;
			remoteInfo = PersonalCapitalRssFeed;
		};
		2F633E7C1ED49F1E000C768A /* PBXContainerItemProxy */ = {
			isa = PBXContainerItemProxy;
			containerPortal = 2F633E4F1ED49F1D000C768A /* Project object */;
			proxyType = 1;
			remoteGlobalIDString = 2F633E561ED49F1D000C768A;
			remoteInfo = PersonalCapitalRssFeed;
		};
/* End PBXContainerItemProxy section */

/* Begin PBXFileReference section */
		2F633E571ED49F1E000C768A /* PersonalCapitalRssFeed.app */ = {isa = PBXFileReference; explicitFileType = wrapper.application; includeInIndex = 0; path = PersonalCapitalRssFeed.app; sourceTree = BUILT_PRODUCTS_DIR; };
		2F633E5B1ED49F1E000C768A /* main.m */ = {isa = PBXFileReference; lastKnownFileType = sourcecode.c.objc; path = main.m; sourceTree = "<group>"; };
		2F633E5D1ED49F1E000C768A /* AppDelegate.h */ = {isa = PBXFileReference; lastKnownFileType = sourcecode.c.h; path = AppDelegate.h; sourceTree = "<group>"; };
		2F633E5E1ED49F1E000C768A /* AppDelegate.m */ = {isa = PBXFileReference; lastKnownFileType = sourcecode.c.objc; path = AppDelegate.m; sourceTree = "<group>"; };
		2F633E641ED49F1E000C768A /* Base */ = {isa = PBXFileReference; lastKnownFileType = file.storyboard; name = Base; path = Base.lproj/Main.storyboard; sourceTree = "<group>"; };
		2F633E661ED49F1E000C768A /* Assets.xcassets */ = {isa = PBXFileReference; lastKnownFileType = folder.assetcatalog; path = Assets.xcassets; sourceTree = "<group>"; };
		2F633E691ED49F1E000C768A /* Base */ = {isa = PBXFileReference; lastKnownFileType = file.storyboard; name = Base; path = Base.lproj/LaunchScreen.storyboard; sourceTree = "<group>"; };
		2F633E6B1ED49F1E000C768A /* Info.plist */ = {isa = PBXFileReference; lastKnownFileType = text.plist.xml; path = Info.plist; sourceTree = "<group>"; };
		2F633E701ED49F1E000C768A /* PersonalCapitalRssFeedTests.xctest */ = {isa = PBXFileReference; explicitFileType = wrapper.cfbundle; includeInIndex = 0; path = PersonalCapitalRssFeedTests.xctest; sourceTree = BUILT_PRODUCTS_DIR; };
		2F633E741ED49F1E000C768A /* PersonalCapitalRssFeedTests.m */ = {isa = PBXFileReference; lastKnownFileType = sourcecode.c.objc; path = PersonalCapitalRssFeedTests.m; sourceTree = "<group>"; };
		2F633E761ED49F1E000C768A /* Info.plist */ = {isa = PBXFileReference; lastKnownFileType = text.plist.xml; path = Info.plist; sourceTree = "<group>"; };
		2F633E7B1ED49F1E000C768A /* PersonalCapitalRssFeedUITests.xctest */ = {isa = PBXFileReference; explicitFileType = wrapper.cfbundle; includeInIndex = 0; path = PersonalCapitalRssFeedUITests.xctest; sourceTree = BUILT_PRODUCTS_DIR; };
		2F633E7F1ED49F1E000C768A /* PersonalCapitalRssFeedUITests.m */ = {isa = PBXFileReference; lastKnownFileType = sourcecode.c.objc; path = PersonalCapitalRssFeedUITests.m; sourceTree = "<group>"; };
		2F633E811ED49F1E000C768A /* Info.plist */ = {isa = PBXFileReference; lastKnownFileType = text.plist.xml; path = Info.plist; sourceTree = "<group>"; };
		6F8916241EDCC69600D71B24 /* RSSFeedArticleItem.h */ = {isa = PBXFileReference; fileEncoding = 4; lastKnownFileType = sourcecode.c.h; name = RSSFeedArticleItem.h; path = Models/RSSFeedArticleItem.h; sourceTree = "<group>"; };
		6F8916251EDCC69600D71B24 /* RSSFeedArticleItem.m */ = {isa = PBXFileReference; fileEncoding = 4; lastKnownFileType = sourcecode.c.objc; name = RSSFeedArticleItem.m; path = Models/RSSFeedArticleItem.m; sourceTree = "<group>"; };
		6F89162A1EDCC6C500D71B24 /* RSSCustomCollectionViewCell.m */ = {isa = PBXFileReference; fileEncoding = 4; lastKnownFileType = sourcecode.c.objc; name = RSSCustomCollectionViewCell.m; path = "Common Views/RSSCustomCollectionViewCell.m"; sourceTree = "<group>"; };
		6F89162B1EDCC6C500D71B24 /* SpinnerView.m */ = {isa = PBXFileReference; fileEncoding = 4; lastKnownFileType = sourcecode.c.objc; name = SpinnerView.m; path = "Common Views/SpinnerView.m"; sourceTree = "<group>"; };
		6F89162C1EDCC6C500D71B24 /* CustomLabel.h */ = {isa = PBXFileReference; fileEncoding = 4; lastKnownFileType = sourcecode.c.h; name = CustomLabel.h; path = "Common Views/CustomLabel.h"; sourceTree = "<group>"; };
		6F89162D1EDCC6C500D71B24 /* CustomLabel.m */ = {isa = PBXFileReference; fileEncoding = 4; lastKnownFileType = sourcecode.c.objc; name = CustomLabel.m; path = "Common Views/CustomLabel.m"; sourceTree = "<group>"; };
		6F89162E1EDCC6C500D71B24 /* RSSCustomCollectionViewCell.h */ = {isa = PBXFileReference; fileEncoding = 4; lastKnownFileType = sourcecode.c.h; name = RSSCustomCollectionViewCell.h; path = "Common Views/RSSCustomCollectionViewCell.h"; sourceTree = "<group>"; };
		6F89162F1EDCC6C500D71B24 /* SpinnerView.h */ = {isa = PBXFileReference; fileEncoding = 4; lastKnownFileType = sourcecode.c.h; name = SpinnerView.h; path = "Common Views/SpinnerView.h"; sourceTree = "<group>"; };
		6F8916331EDCC6D400D71B24 /* DetailViewController.h */ = {isa = PBXFileReference; fileEncoding = 4; lastKnownFileType = sourcecode.c.h; name = DetailViewController.h; path = Controllers/DetailViewController.h; sourceTree = "<group>"; };
		6F8916341EDCC6D400D71B24 /* DetailViewController.m */ = {isa = PBXFileReference; fileEncoding = 4; lastKnownFileType = sourcecode.c.objc; name = DetailViewController.m; path = Controllers/DetailViewController.m; sourceTree = "<group>"; };
		6F8916351EDCC6D400D71B24 /* ViewController.m */ = {isa = PBXFileReference; fileEncoding = 4; lastKnownFileType = sourcecode.c.objc; name = ViewController.m; path = Controllers/ViewController.m; sourceTree = "<group>"; };
		6F8916361EDCC6D400D71B24 /* ViewController.h */ = {isa = PBXFileReference; fileEncoding = 4; lastKnownFileType = sourcecode.c.h; name = ViewController.h; path = Controllers/ViewController.h; sourceTree = "<group>"; };
		6F8916391EDCC6DC00D71B24 /* RSSFeedParser.h */ = {isa = PBXFileReference; fileEncoding = 4; lastKnownFileType = sourcecode.c.h; name = RSSFeedParser.h; path = Utils/RSSFeedParser.h; sourceTree = "<group>"; };
		6F89163A1EDCC6DC00D71B24 /* RSSFeedParser.m */ = {isa = PBXFileReference; fileEncoding = 4; lastKnownFileType = sourcecode.c.objc; name = RSSFeedParser.m; path = Utils/RSSFeedParser.m; sourceTree = "<group>"; };
		6F89163B1EDCC6DC00D71B24 /* AsyncImageCellCache.m */ = {isa = PBXFileReference; fileEncoding = 4; lastKnownFileType = sourcecode.c.objc; name = AsyncImageCellCache.m; path = Utils/AsyncImageCellCache.m; sourceTree = "<group>"; };
		6F89163C1EDCC6DC00D71B24 /* AsyncImageCellCache.h */ = {isa = PBXFileReference; fileEncoding = 4; lastKnownFileType = sourcecode.c.h; name = AsyncImageCellCache.h; path = Utils/AsyncImageCellCache.h; sourceTree = "<group>"; };
/* End PBXFileReference section */

/* Begin PBXFrameworksBuildPhase section */
		2F633E541ED49F1D000C768A /* Frameworks */ = {
			isa = PBXFrameworksBuildPhase;
			buildActionMask = 2147483647;
			files = (
			);
			runOnlyForDeploymentPostprocessing = 0;
		};
		2F633E6D1ED49F1E000C768A /* Frameworks */ = {
			isa = PBXFrameworksBuildPhase;
			buildActionMask = 2147483647;
			files = (
			);
			runOnlyForDeploymentPostprocessing = 0;
		};
		2F633E781ED49F1E000C768A /* Frameworks */ = {
			isa = PBXFrameworksBuildPhase;
			buildActionMask = 2147483647;
			files = (
			);
			runOnlyForDeploymentPostprocessing = 0;
		};
/* End PBXFrameworksBuildPhase section */

/* Begin PBXGroup section */
		2F633E4E1ED49F1D000C768A = {
			isa = PBXGroup;
			children = (
				2F633E591ED49F1E000C768A /* PersonalCapitalRssFeed */,
				2F633E731ED49F1E000C768A /* PersonalCapitalRssFeedTests */,
				2F633E7E1ED49F1E000C768A /* PersonalCapitalRssFeedUITests */,
				2F633E581ED49F1E000C768A /* Products */,
			);
			sourceTree = "<group>";
		};
		2F633E581ED49F1E000C768A /* Products */ = {
			isa = PBXGroup;
			children = (
				2F633E571ED49F1E000C768A /* PersonalCapitalRssFeed.app */,
				2F633E701ED49F1E000C768A /* PersonalCapitalRssFeedTests.xctest */,
				2F633E7B1ED49F1E000C768A /* PersonalCapitalRssFeedUITests.xctest */,
			);
			name = Products;
			sourceTree = "<group>";
		};
		2F633E591ED49F1E000C768A /* PersonalCapitalRssFeed */ = {
			isa = PBXGroup;
			children = (
				2F633E5D1ED49F1E000C768A /* AppDelegate.h */,
				2F633E5E1ED49F1E000C768A /* AppDelegate.m */,
				6F8916291EDCC6B700D71B24 /* Utils */,
				6F8916281EDCC6A600D71B24 /* Controllers */,
				6F8916271EDCC69D00D71B24 /* Common Views */,
				6F8916231EDCC5EE00D71B24 /* Model */,
				2F633E631ED49F1E000C768A /* Main.storyboard */,
				2F633E661ED49F1E000C768A /* Assets.xcassets */,
				2F633E681ED49F1E000C768A /* LaunchScreen.storyboard */,
				2F633E6B1ED49F1E000C768A /* Info.plist */,
				2F633E5A1ED49F1E000C768A /* Supporting Files */,
			);
			path = PersonalCapitalRssFeed;
			sourceTree = "<group>";
		};
		2F633E5A1ED49F1E000C768A /* Supporting Files */ = {
			isa = PBXGroup;
			children = (
				2F633E5B1ED49F1E000C768A /* main.m */,
			);
			name = "Supporting Files";
			sourceTree = "<group>";
		};
		2F633E731ED49F1E000C768A /* PersonalCapitalRssFeedTests */ = {
			isa = PBXGroup;
			children = (
				2F633E741ED49F1E000C768A /* PersonalCapitalRssFeedTests.m */,
				2F633E761ED49F1E000C768A /* Info.plist */,
			);
			path = PersonalCapitalRssFeedTests;
			sourceTree = "<group>";
		};
		2F633E7E1ED49F1E000C768A /* PersonalCapitalRssFeedUITests */ = {
			isa = PBXGroup;
			children = (
				2F633E7F1ED49F1E000C768A /* PersonalCapitalRssFeedUITests.m */,
				2F633E811ED49F1E000C768A /* Info.plist */,
			);
			path = PersonalCapitalRssFeedUITests;
			sourceTree = "<group>";
		};
		6F8916231EDCC5EE00D71B24 /* Model */ = {
			isa = PBXGroup;
			children = (
				6F8916241EDCC69600D71B24 /* RSSFeedArticleItem.h */,
				6F8916251EDCC69600D71B24 /* RSSFeedArticleItem.m */,
			);
			name = Model;
			sourceTree = "<group>";
		};
		6F8916271EDCC69D00D71B24 /* Common Views */ = {
			isa = PBXGroup;
			children = (
				6F89162E1EDCC6C500D71B24 /* RSSCustomCollectionViewCell.h */,
				6F89162A1EDCC6C500D71B24 /* RSSCustomCollectionViewCell.m */,
				6F89162F1EDCC6C500D71B24 /* SpinnerView.h */,
				6F89162B1EDCC6C500D71B24 /* SpinnerView.m */,
				6F89162C1EDCC6C500D71B24 /* CustomLabel.h */,
				6F89162D1EDCC6C500D71B24 /* CustomLabel.m */,
			);
			name = "Common Views";
			sourceTree = "<group>";
		};
		6F8916281EDCC6A600D71B24 /* Controllers */ = {
			isa = PBXGroup;
			children = (
				6F8916331EDCC6D400D71B24 /* DetailViewController.h */,
				6F8916341EDCC6D400D71B24 /* DetailViewController.m */,
				6F8916351EDCC6D400D71B24 /* ViewController.m */,
				6F8916361EDCC6D400D71B24 /* ViewController.h */,
			);
			name = Controllers;
			sourceTree = "<group>";
		};
		6F8916291EDCC6B700D71B24 /* Utils */ = {
			isa = PBXGroup;
			children = (
				6F8916391EDCC6DC00D71B24 /* RSSFeedParser.h */,
				6F89163A1EDCC6DC00D71B24 /* RSSFeedParser.m */,
				6F89163B1EDCC6DC00D71B24 /* AsyncImageCellCache.m */,
				6F89163C1EDCC6DC00D71B24 /* AsyncImageCellCache.h */,
			);
			name = Utils;
			sourceTree = "<group>";
		};
/* End PBXGroup section */

/* Begin PBXNativeTarget section */
		2F633E561ED49F1D000C768A /* PersonalCapitalRssFeed */ = {
			isa = PBXNativeTarget;
			buildConfigurationList = 2F633E841ED49F1E000C768A /* Build configuration list for PBXNativeTarget "PersonalCapitalRssFeed" */;
			buildPhases = (
				2F633E531ED49F1D000C768A /* Sources */,
				2F633E541ED49F1D000C768A /* Frameworks */,
				2F633E551ED49F1D000C768A /* Resources */,
			);
			buildRules = (
			);
			dependencies = (
			);
			name = PersonalCapitalRssFeed;
			productName = PersonalCapitalRssFeed;
			productReference = 2F633E571ED49F1E000C768A /* PersonalCapitalRssFeed.app */;
			productType = "com.apple.product-type.application";
		};
		2F633E6F1ED49F1E000C768A /* PersonalCapitalRssFeedTests */ = {
			isa = PBXNativeTarget;
			buildConfigurationList = 2F633E871ED49F1E000C768A /* Build configuration list for PBXNativeTarget "PersonalCapitalRssFeedTests" */;
			buildPhases = (
				2F633E6C1ED49F1E000C768A /* Sources */,
				2F633E6D1ED49F1E000C768A /* Frameworks */,
				2F633E6E1ED49F1E000C768A /* Resources */,
			);
			buildRules = (
			);
			dependencies = (
				2F633E721ED49F1E000C768A /* PBXTargetDependency */,
			);
			name = PersonalCapitalRssFeedTests;
			productName = PersonalCapitalRssFeedTests;
			productReference = 2F633E701ED49F1E000C768A /* PersonalCapitalRssFeedTests.xctest */;
			productType = "com.apple.product-type.bundle.unit-test";
		};
		2F633E7A1ED49F1E000C768A /* PersonalCapitalRssFeedUITests */ = {
			isa = PBXNativeTarget;
			buildConfigurationList = 2F633E8A1ED49F1E000C768A /* Build configuration list for PBXNativeTarget "PersonalCapitalRssFeedUITests" */;
			buildPhases = (
				2F633E771ED49F1E000C768A /* Sources */,
				2F633E781ED49F1E000C768A /* Frameworks */,
				2F633E791ED49F1E000C768A /* Resources */,
			);
			buildRules = (
			);
			dependencies = (
				2F633E7D1ED49F1E000C768A /* PBXTargetDependency */,
			);
			name = PersonalCapitalRssFeedUITests;
			productName = PersonalCapitalRssFeedUITests;
			productReference = 2F633E7B1ED49F1E000C768A /* PersonalCapitalRssFeedUITests.xctest */;
			productType = "com.apple.product-type.bundle.ui-testing";
		};
/* End PBXNativeTarget section */

/* Begin PBXProject section */
		2F633E4F1ED49F1D000C768A /* Project object */ = {
			isa = PBXProject;
			attributes = {
				LastUpgradeCheck = 0820;
				TargetAttributes = {
					2F633E561ED49F1D000C768A = {
						CreatedOnToolsVersion = 8.2.1;
						DevelopmentTeam = 43Y6J765N3;
						ProvisioningStyle = Automatic;
					};
					2F633E6F1ED49F1E000C768A = {
						CreatedOnToolsVersion = 8.2.1;
						ProvisioningStyle = Automatic;
						TestTargetID = 2F633E561ED49F1D000C768A;
					};
					2F633E7A1ED49F1E000C768A = {
						CreatedOnToolsVersion = 8.2.1;
						ProvisioningStyle = Automatic;
						TestTargetID = 2F633E561ED49F1D000C768A;
					};
				};
			};
			buildConfigurationList = 2F633E521ED49F1D000C768A /* Build configuration list for PBXProject "PersonalCapitalRssFeed" */;
			compatibilityVersion = "Xcode 3.2";
			developmentRegion = English;
			hasScannedForEncodings = 0;
			knownRegions = (
				en,
				Base,
			);
			mainGroup = 2F633E4E1ED49F1D000C768A;
			productRefGroup = 2F633E581ED49F1E000C768A /* Products */;
			projectDirPath = "";
			projectRoot = "";
			targets = (
				2F633E561ED49F1D000C768A /* PersonalCapitalRssFeed */,
				2F633E6F1ED49F1E000C768A /* PersonalCapitalRssFeedTests */,
				2F633E7A1ED49F1E000C768A /* PersonalCapitalRssFeedUITests */,
			);
		};
/* End PBXProject section */

/* Begin PBXResourcesBuildPhase section */
		2F633E551ED49F1D000C768A /* Resources */ = {
			isa = PBXResourcesBuildPhase;
			buildActionMask = 2147483647;
			files = (
				2F633E6A1ED49F1E000C768A /* LaunchScreen.storyboard in Resources */,
				2F633E671ED49F1E000C768A /* Assets.xcassets in Resources */,
				2F633E651ED49F1E000C768A /* Main.storyboard in Resources */,
			);
			runOnlyForDeploymentPostprocessing = 0;
		};
		2F633E6E1ED49F1E000C768A /* Resources */ = {
			isa = PBXResourcesBuildPhase;
			buildActionMask = 2147483647;
			files = (
			);
			runOnlyForDeploymentPostprocessing = 0;
		};
		2F633E791ED49F1E000C768A /* Resources */ = {
			isa = PBXResourcesBuildPhase;
			buildActionMask = 2147483647;
			files = (
			);
			runOnlyForDeploymentPostprocessing = 0;
		};
/* End PBXResourcesBuildPhase section */

/* Begin PBXSourcesBuildPhase section */
		2F633E531ED49F1D000C768A /* Sources */ = {
			isa = PBXSourcesBuildPhase;
			buildActionMask = 2147483647;
			files = (
				6F8916261EDCC69600D71B24 /* RSSFeedArticleItem.m in Sources */,
				2F633E5F1ED49F1E000C768A /* AppDelegate.m in Sources */,
				6F8916381EDCC6D400D71B24 /* ViewController.m in Sources */,
				6F8916301EDCC6C500D71B24 /* RSSCustomCollectionViewCell.m in Sources */,
				6F8916311EDCC6C500D71B24 /* SpinnerView.m in Sources */,
				2F633E5C1ED49F1E000C768A /* main.m in Sources */,
				6F89163D1EDCC6DC00D71B24 /* RSSFeedParser.m in Sources */,
				6F89163E1EDCC6DC00D71B24 /* AsyncImageCellCache.m in Sources */,
				6F8916321EDCC6C500D71B24 /* CustomLabel.m in Sources */,
				6F8916371EDCC6D400D71B24 /* DetailViewController.m in Sources */,
			);
			runOnlyForDeploymentPostprocessing = 0;
		};
		2F633E6C1ED49F1E000C768A /* Sources */ = {
			isa = PBXSourcesBuildPhase;
			buildActionMask = 2147483647;
			files = (
				2F633E751ED49F1E000C768A /* PersonalCapitalRssFeedTests.m in Sources */,
			);
			runOnlyForDeploymentPostprocessing = 0;
		};
		2F633E771ED49F1E000C768A /* Sources */ = {
			isa = PBXSourcesBuildPhase;
			buildActionMask = 2147483647;
			files = (
				2F633E801ED49F1E000C768A /* PersonalCapitalRssFeedUITests.m in Sources */,
			);
			runOnlyForDeploymentPostprocessing = 0;
		};
/* End PBXSourcesBuildPhase section */

/* Begin PBXTargetDependency section */
		2F633E721ED49F1E000C768A /* PBXTargetDependency */ = {
			isa = PBXTargetDependency;
			target = 2F633E561ED49F1D000C768A /* PersonalCapitalRssFeed */;
			targetProxy = 2F633E711ED49F1E000C768A /* PBXContainerItemProxy */;
		};
		2F633E7D1ED49F1E000C768A /* PBXTargetDependency */ = {
			isa = PBXTargetDependency;
			target = 2F633E561ED49F1D000C768A /* PersonalCapitalRssFeed */;
			targetProxy = 2F633E7C1ED49F1E000C768A /* PBXContainerItemProxy */;
		};
/* End PBXTargetDependency section */

/* Begin PBXVariantGroup section */
		2F633E631ED49F1E000C768A /* Main.storyboard */ = {
			isa = PBXVariantGroup;
			children = (
				2F633E641ED49F1E000C768A /* Base */,
			);
			name = Main.storyboard;
			sourceTree = "<group>";
		};
		2F633E681ED49F1E000C768A /* LaunchScreen.storyboard */ = {
			isa = PBXVariantGroup;
			children = (
				2F633E691ED49F1E000C768A /* Base */,
			);
			name = LaunchScreen.storyboard;
			sourceTree = "<group>";
		};
/* End PBXVariantGroup section */

/* Begin XCBuildConfiguration section */
		2F633E821ED49F1E000C768A /* Debug */ = {
			isa = XCBuildConfiguration;
			buildSettings = {
				ALWAYS_SEARCH_USER_PATHS = NO;
				CLANG_ANALYZER_NONNULL = YES;
				CLANG_CXX_LANGUAGE_STANDARD = "gnu++0x";
				CLANG_CXX_LIBRARY = "libc++";
				CLANG_ENABLE_MODULES = YES;
				CLANG_ENABLE_OBJC_ARC = YES;
				CLANG_WARN_BOOL_CONVERSION = YES;
				CLANG_WARN_CONSTANT_CONVERSION = YES;
				CLANG_WARN_DIRECT_OBJC_ISA_USAGE = YES_ERROR;
				CLANG_WARN_DOCUMENTATION_COMMENTS = YES;
				CLANG_WARN_EMPTY_BODY = YES;
				CLANG_WARN_ENUM_CONVERSION = YES;
				CLANG_WARN_INFINITE_RECURSION = YES;
				CLANG_WARN_INT_CONVERSION = YES;
				CLANG_WARN_OBJC_ROOT_CLASS = YES_ERROR;
				CLANG_WARN_SUSPICIOUS_MOVE = YES;
				CLANG_WARN_UNREACHABLE_CODE = YES;
				CLANG_WARN__DUPLICATE_METHOD_MATCH = YES;
				"CODE_SIGN_IDENTITY[sdk=iphoneos*]" = "iPhone Developer";
				COPY_PHASE_STRIP = NO;
				DEBUG_INFORMATION_FORMAT = dwarf;
				ENABLE_STRICT_OBJC_MSGSEND = YES;
				ENABLE_TESTABILITY = YES;
				GCC_C_LANGUAGE_STANDARD = gnu99;
				GCC_DYNAMIC_NO_PIC = NO;
				GCC_NO_COMMON_BLOCKS = YES;
				GCC_OPTIMIZATION_LEVEL = 0;
				GCC_PREPROCESSOR_DEFINITIONS = (
					"DEBUG=1",
					"$(inherited)",
				);
				GCC_WARN_64_TO_32_BIT_CONVERSION = YES;
				GCC_WARN_ABOUT_RETURN_TYPE = YES_ERROR;
				GCC_WARN_UNDECLARED_SELECTOR = YES;
				GCC_WARN_UNINITIALIZED_AUTOS = YES_AGGRESSIVE;
				GCC_WARN_UNUSED_FUNCTION = YES;
				GCC_WARN_UNUSED_VARIABLE = YES;
				IPHONEOS_DEPLOYMENT_TARGET = 10.2;
				MTL_ENABLE_DEBUG_INFO = YES;
				ONLY_ACTIVE_ARCH = YES;
				SDKROOT = iphoneos;
			};
			name = Debug;
		};
		2F633E831ED49F1E000C768A /* Release */ = {
			isa = XCBuildConfiguration;
			buildSettings = {
				ALWAYS_SEARCH_USER_PATHS = NO;
				CLANG_ANALYZER_NONNULL = YES;
				CLANG_CXX_LANGUAGE_STANDARD = "gnu++0x";
				CLANG_CXX_LIBRARY = "libc++";
				CLANG_ENABLE_MODULES = YES;
				CLANG_ENABLE_OBJC_ARC = YES;
				CLANG_WARN_BOOL_CONVERSION = YES;
				CLANG_WARN_CONSTANT_CONVERSION = YES;
				CLANG_WARN_DIRECT_OBJC_ISA_USAGE = YES_ERROR;
				CLANG_WARN_DOCUMENTATION_COMMENTS = YES;
				CLANG_WARN_EMPTY_BODY = YES;
				CLANG_WARN_ENUM_CONVERSION = YES;
				CLANG_WARN_INFINITE_RECURSION = YES;
				CLANG_WARN_INT_CONVERSION = YES;
				CLANG_WARN_OBJC_ROOT_CLASS = YES_ERROR;
				CLANG_WARN_SUSPICIOUS_MOVE = YES;
				CLANG_WARN_UNREACHABLE_CODE = YES;
				CLANG_WARN__DUPLICATE_METHOD_MATCH = YES;
				"CODE_SIGN_IDENTITY[sdk=iphoneos*]" = "iPhone Developer";
				COPY_PHASE_STRIP = NO;
				DEBUG_INFORMATION_FORMAT = "dwarf-with-dsym";
				ENABLE_NS_ASSERTIONS = NO;
				ENABLE_STRICT_OBJC_MSGSEND = YES;
				GCC_C_LANGUAGE_STANDARD = gnu99;
				GCC_NO_COMMON_BLOCKS = YES;
				GCC_WARN_64_TO_32_BIT_CONVERSION = YES;
				GCC_WARN_ABOUT_RETURN_TYPE = YES_ERROR;
				GCC_WARN_UNDECLARED_SELECTOR = YES;
				GCC_WARN_UNINITIALIZED_AUTOS = YES_AGGRESSIVE;
				GCC_WARN_UNUSED_FUNCTION = YES;
				GCC_WARN_UNUSED_VARIABLE = YES;
				IPHONEOS_DEPLOYMENT_TARGET = 10.2;
				MTL_ENABLE_DEBUG_INFO = NO;
				SDKROOT = iphoneos;
				VALIDATE_PRODUCT = YES;
			};
			name = Release;
		};
		2F633E851ED49F1E000C768A /* Debug */ = {
			isa = XCBuildConfiguration;
			buildSettings = {
				ASSETCATALOG_COMPILER_APPICON_NAME = AppIcon;
				DEVELOPMENT_TEAM = 43Y6J765N3;
				INFOPLIST_FILE = PersonalCapitalRssFeed/Info.plist;
				LD_RUNPATH_SEARCH_PATHS = "$(inherited) @executable_path/Frameworks";
				PRODUCT_BUNDLE_IDENTIFIER = self.PersonalCapitalRssFeed;
				PRODUCT_NAME = "$(TARGET_NAME)";
				TARGETED_DEVICE_FAMILY = "1,2";
			};
			name = Debug;
		};
		2F633E861ED49F1E000C768A /* Release */ = {
			isa = XCBuildConfiguration;
			buildSettings = {
				ASSETCATALOG_COMPILER_APPICON_NAME = AppIcon;
				DEVELOPMENT_TEAM = 43Y6J765N3;
				INFOPLIST_FILE = PersonalCapitalRssFeed/Info.plist;
				LD_RUNPATH_SEARCH_PATHS = "$(inherited) @executable_path/Frameworks";
				PRODUCT_BUNDLE_IDENTIFIER = self.PersonalCapitalRssFeed;
				PRODUCT_NAME = "$(TARGET_NAME)";
				TARGETED_DEVICE_FAMILY = "1,2";
			};
			name = Release;
		};
		2F633E881ED49F1E000C768A /* Debug */ = {
			isa = XCBuildConfiguration;
			buildSettings = {
				BUNDLE_LOADER = "$(TEST_HOST)";
				INFOPLIST_FILE = PersonalCapitalRssFeedTests/Info.plist;
				LD_RUNPATH_SEARCH_PATHS = "$(inherited) @executable_path/Frameworks @loader_path/Frameworks";
				PRODUCT_BUNDLE_IDENTIFIER = self.PersonalCapitalRssFeedTests;
				PRODUCT_NAME = "$(TARGET_NAME)";
				TEST_HOST = "$(BUILT_PRODUCTS_DIR)/PersonalCapitalRssFeed.app/PersonalCapitalRssFeed";
			};
			name = Debug;
		};
		2F633E891ED49F1E000C768A /* Release */ = {
			isa = XCBuildConfiguration;
			buildSettings = {
				BUNDLE_LOADER = "$(TEST_HOST)";
				INFOPLIST_FILE = PersonalCapitalRssFeedTests/Info.plist;
				LD_RUNPATH_SEARCH_PATHS = "$(inherited) @executable_path/Frameworks @loader_path/Frameworks";
				PRODUCT_BUNDLE_IDENTIFIER = self.PersonalCapitalRssFeedTests;
				PRODUCT_NAME = "$(TARGET_NAME)";
				TEST_HOST = "$(BUILT_PRODUCTS_DIR)/PersonalCapitalRssFeed.app/PersonalCapitalRssFeed";
			};
			name = Release;
		};
		2F633E8B1ED49F1E000C768A /* Debug */ = {
			isa = XCBuildConfiguration;
			buildSettings = {
				INFOPLIST_FILE = PersonalCapitalRssFeedUITests/Info.plist;
				LD_RUNPATH_SEARCH_PATHS = "$(inherited) @executable_path/Frameworks @loader_path/Frameworks";
				PRODUCT_BUNDLE_IDENTIFIER = self.PersonalCapitalRssFeedUITests;
				PRODUCT_NAME = "$(TARGET_NAME)";
				TEST_TARGET_NAME = PersonalCapitalRssFeed;
			};
			name = Debug;
		};
		2F633E8C1ED49F1E000C768A /* Release */ = {
			isa = XCBuildConfiguration;
			buildSettings = {
				INFOPLIST_FILE = PersonalCapitalRssFeedUITests/Info.plist;
				LD_RUNPATH_SEARCH_PATHS = "$(inherited) @executable_path/Frameworks @loader_path/Frameworks";
				PRODUCT_BUNDLE_IDENTIFIER = self.PersonalCapitalRssFeedUITests;
				PRODUCT_NAME = "$(TARGET_NAME)";
				TEST_TARGET_NAME = PersonalCapitalRssFeed;
			};
			name = Release;
		};
/* End XCBuildConfiguration section */

/* Begin XCConfigurationList section */
		2F633E521ED49F1D000C768A /* Build configuration list for PBXProject "PersonalCapitalRssFeed" */ = {
			isa = XCConfigurationList;
			buildConfigurations = (
				2F633E821ED49F1E000C768A /* Debug */,
				2F633E831ED49F1E000C768A /* Release */,
			);
			defaultConfigurationIsVisible = 0;
			defaultConfigurationName = Release;
		};
		2F633E841ED49F1E000C768A /* Build configuration list for PBXNativeTarget "PersonalCapitalRssFeed" */ = {
			isa = XCConfigurationList;
			buildConfigurations = (
				2F633E851ED49F1E000C768A /* Debug */,
				2F633E861ED49F1E000C768A /* Release */,
			);
			defaultConfigurationIsVisible = 0;
			defaultConfigurationName = Release;
		};
		2F633E871ED49F1E000C768A /* Build configuration list for PBXNativeTarget "PersonalCapitalRssFeedTests" */ = {
			isa = XCConfigurationList;
			buildConfigurations = (
				2F633E881ED49F1E000C768A /* Debug */,
				2F633E891ED49F1E000C768A /* Release */,
			);
			defaultConfigurationIsVisible = 0;
			defaultConfigurationName = Release;
		};
		2F633E8A1ED49F1E000C768A /* Build configuration list for PBXNativeTarget "PersonalCapitalRssFeedUITests" */ = {
			isa = XCConfigurationList;
			buildConfigurations = (
				2F633E8B1ED49F1E000C768A /* Debug */,
				2F633E8C1ED49F1E000C768A /* Release */,
			);
			defaultConfigurationIsVisible = 0;
			defaultConfigurationName = Release;
		};
/* End XCConfigurationList section */
	};
	rootObject = 2F633E4F1ED49F1D000C768A /* Project object */;
}
